
Microsoft Visual Studio Solution File, Format Version 12.00
# Visual Studio Version 17
VisualStudioVersion = 17.5.002.0
MinimumVisualStudioVersion = 10.0.40219.1
Project("{9A19103F-16F7-4668-BE54-9A1E7A4F7556}") = "ProdutosFinanceiros.Application", "ProdutosFinanceiros.Application\ProdutosFinanceiros.Application.csproj", "{8A36F1C5-2E50-43C3-BC76-25C637D89890}"
EndProject
Project("{9A19103F-16F7-4668-BE54-9A1E7A4F7556}") = "ProdutosFinanceiros.Domain", "ProdutosFinanceiros.Domain\ProdutosFinanceiros.Domain.csproj", "{B8E1CE83-63F1-4B4F-992F-CCA33C7639AE}"
EndProject
Project("{9A19103F-16F7-4668-BE54-9A1E7A4F7556}") = "ProdutosFinanceiros.Infra", "ProdutosFinanceiros.Infra\ProdutosFinanceiros.Infra.csproj", "{B4BE3D8C-7554-4E19-9873-D0B63A573127}"
EndProject
Project("{9A19103F-16F7-4668-BE54-9A1E7A4F7556}") = "ProdutosFinanceiros.Web", "ProdutosFinanceiros.Web\ProdutosFinanceiros.Web.csproj", "{9D06D83D-A9FC-4C9D-8E29-424CD8CAB003}"
EndProject
Global
	GlobalSection(SolutionConfigurationPlatforms) = preSolution
		Debug|Any CPU = Debug|Any CPU
		Release|Any CPU = Release|Any CPU
	EndGlobalSection
	GlobalSection(ProjectConfigurationPlatforms) = postSolution
		{8A36F1C5-2E50-43C3-BC76-25C637D89890}.Debug|Any CPU.ActiveCfg = Debug|Any CPU
		{8A36F1C5-2E50-43C3-BC76-25C637D89890}.Debug|Any CPU.Build.0 = Debug|Any CPU
		{8A36F1C5-2E50-43C3-BC76-25C637D89890}.Release|Any CPU.ActiveCfg = Release|Any CPU
		{8A36F1C5-2E50-43C3-BC76-25C637D89890}.Release|Any CPU.Build.0 = Release|Any CPU
		{B8E1CE83-63F1-4B4F-992F-CCA33C7639AE}.Debug|Any CPU.ActiveCfg = Debug|Any CPU
		{B8E1CE83-63F1-4B4F-992F-CCA33C7639AE}.Debug|Any CPU.Build.0 = Debug|Any CPU
		{B8E1CE83-63F1-4B4F-992F-CCA33C7639AE}.Release|Any CPU.ActiveCfg = Release|Any CPU
		{B8E1CE83-63F1-4B4F-992F-CCA33C7639AE}.Release|Any CPU.Build.0 = Release|Any CPU
		{B4BE3D8C-7554-4E19-9873-D0B63A573127}.Debug|Any CPU.ActiveCfg = Debug|Any CPU
		{B4BE3D8C-7554-4E19-9873-D0B63A573127}.Debug|Any CPU.Build.0 = Debug|Any CPU
		{B4BE3D8C-7554-4E19-9873-D0B63A573127}.Release|Any CPU.ActiveCfg = Release|Any CPU
		{B4BE3D8C-7554-4E19-9873-D0B63A573127}.Release|Any CPU.Build.0 = Release|Any CPU
		{3A047E19-7425-4E11-A5E1-215FFD7878F2}.Debug|Any CPU.ActiveCfg = Debug|Any CPU
		{3A047E19-7425-4E11-A5E1-215FFD7878F2}.Debug|Any CPU.Build.0 = Debug|Any CPU
		{3A047E19-7425-4E11-A5E1-215FFD7878F2}.Release|Any CPU.ActiveCfg = Release|Any CPU
		{3A047E19-7425-4E11-A5E1-215FFD7878F2}.Release|Any CPU.Build.0 = Release|Any CPU
		{9D06D83D-A9FC-4C9D-8E29-424CD8CAB003}.Debug|Any CPU.ActiveCfg = Debug|Any CPU
		{9D06D83D-A9FC-4C9D-8E29-424CD8CAB003}.Debug|Any CPU.Build.0 = Debug|Any CPU
		{9D06D83D-A9FC-4C9D-8E29-424CD8CAB003}.Release|Any CPU.ActiveCfg = Release|Any CPU
		{9D06D83D-A9FC-4C9D-8E29-424CD8CAB003}.Release|Any CPU.Build.0 = Release|Any CPU
	EndGlobalSection
	GlobalSection(SolutionProperties) = preSolution
		HideSolutionNode = FALSE
	EndGlobalSection
	GlobalSection(ExtensibilityGlobals) = postSolution
		SolutionGuid = {E46D23D3-6218-4450-B6C2-1E0BDF376EC5}
	EndGlobalSection
EndGlobal
